
Microsoft Visual Studio Solution File, Format Version 12.00
# Visual Studio 15
VisualStudioVersion = 15.0.28307.421
MinimumVisualStudioVersion = 10.0.40219.1
Project("{FAE04EC0-301F-11D3-BF4B-00C04F79EFBC}") = "The_Calculon", "The_Calculon\The_Calculon.csproj", "{370A5A75-8BAC-4D17-8140-DC4152581111}"
EndProject
Global
	GlobalSection(SolutionConfigurationPlatforms) = preSolution
		Debug|Any CPU = Debug|Any CPU
		Release|Any CPU = Release|Any CPU
	EndGlobalSection
	GlobalSection(ProjectConfigurationPlatforms) = postSolution
		{370A5A75-8BAC-4D17-8140-DC4152581111}.Debug|Any CPU.ActiveCfg = Debug|Any CPU
		{370A5A75-8BAC-4D17-8140-DC4152581111}.Debug|Any CPU.Build.0 = Debug|Any CPU
		{370A5A75-8BAC-4D17-8140-DC4152581111}.Release|Any CPU.ActiveCfg = Release|Any CPU
		{370A5A75-8BAC-4D17-8140-DC4152581111}.Release|Any CPU.Build.0 = Release|Any CPU
	EndGlobalSection
	GlobalSection(SolutionProperties) = preSolution
		HideSolutionNode = FALSE
	EndGlobalSection
	GlobalSection(ExtensibilityGlobals) = postSolution
		SolutionGuid = {BCCC32F8-C63A-41D3-BFA4-64042FC6F3DD}
	EndGlobalSection
EndGlobal
